
Microsoft Visual Studio Solution File, Format Version 12.00
# Visual Studio Version 16
VisualStudioVersion = 16.0.31613.86
MinimumVisualStudioVersion = 10.0.40219.1
Project("{FAE04EC0-301F-11D3-BF4B-00C04F79EFBC}") = "Ejercicio 3", "Ejercicio 3\Ejercicio 3.csproj", "{B934F8FF-4F26-416B-B3D3-32AB512E5989}"
EndProject
Global
	GlobalSection(SolutionConfigurationPlatforms) = preSolution
		Debug|Any CPU = Debug|Any CPU
		Release|Any CPU = Release|Any CPU
	EndGlobalSection
	GlobalSection(ProjectConfigurationPlatforms) = postSolution
		{B934F8FF-4F26-416B-B3D3-32AB512E5989}.Debug|Any CPU.ActiveCfg = Debug|Any CPU
		{B934F8FF-4F26-416B-B3D3-32AB512E5989}.Debug|Any CPU.Build.0 = Debug|Any CPU
		{B934F8FF-4F26-416B-B3D3-32AB512E5989}.Release|Any CPU.ActiveCfg = Release|Any CPU
		{B934F8FF-4F26-416B-B3D3-32AB512E5989}.Release|Any CPU.Build.0 = Release|Any CPU
	EndGlobalSection
	GlobalSection(SolutionProperties) = preSolution
		HideSolutionNode = FALSE
	EndGlobalSection
	GlobalSection(ExtensibilityGlobals) = postSolution
		SolutionGuid = {36DA8583-5EB7-4FD4-B105-212421DDF3DF}
	EndGlobalSection
EndGlobal
